
Microsoft Visual Studio Solution File, Format Version 12.00
# Visual Studio 15
Project("{FAE04EC0-301F-11D3-BF4B-00C04F79EFBC}") = "Assembly-CSharp", "Assembly-CSharp.csproj", "{D85800E4-F724-5EF0-1A74-09D162D1DC27}"
EndProject
Project("{FAE04EC0-301F-11D3-BF4B-00C04F79EFBC}") = "Assembly-CSharp-firstpass", "Assembly-CSharp-firstpass.csproj", "{BB87C3B2-7C9B-76C4-F025-EE99DCF33375}"
EndProject
Project("{FAE04EC0-301F-11D3-BF4B-00C04F79EFBC}") = "Assembly-CSharp-Editor", "Assembly-CSharp-Editor.csproj", "{49C00BF0-B4B5-1AEC-6B6B-2AE27AB34095}"
EndProject
Project("{FAE04EC0-301F-11D3-BF4B-00C04F79EFBC}") = "Assembly-CSharp-Editor-firstpass", "Assembly-CSharp-Editor-firstpass.csproj", "{D58C5A71-ABD4-5A22-AE97-A3A0281C9148}"
EndProject
Global
	GlobalSection(SolutionConfigurationPlatforms) = preSolution
		Debug|Any CPU = Debug|Any CPU
		Release|Any CPU = Release|Any CPU
	EndGlobalSection
	GlobalSection(ProjectConfigurationPlatforms) = postSolution
		{D85800E4-F724-5EF0-1A74-09D162D1DC27}.Debug|Any CPU.ActiveCfg = Debug|Any CPU
		{D85800E4-F724-5EF0-1A74-09D162D1DC27}.Debug|Any CPU.Build.0 = Debug|Any CPU
		{D85800E4-F724-5EF0-1A74-09D162D1DC27}.Release|Any CPU.ActiveCfg = Release|Any CPU
		{D85800E4-F724-5EF0-1A74-09D162D1DC27}.Release|Any CPU.Build.0 = Release|Any CPU
		{BB87C3B2-7C9B-76C4-F025-EE99DCF33375}.Debug|Any CPU.ActiveCfg = Debug|Any CPU
		{BB87C3B2-7C9B-76C4-F025-EE99DCF33375}.Debug|Any CPU.Build.0 = Debug|Any CPU
		{BB87C3B2-7C9B-76C4-F025-EE99DCF33375}.Release|Any CPU.ActiveCfg = Release|Any CPU
		{BB87C3B2-7C9B-76C4-F025-EE99DCF33375}.Release|Any CPU.Build.0 = Release|Any CPU
		{49C00BF0-B4B5-1AEC-6B6B-2AE27AB34095}.Debug|Any CPU.ActiveCfg = Debug|Any CPU
		{49C00BF0-B4B5-1AEC-6B6B-2AE27AB34095}.Debug|Any CPU.Build.0 = Debug|Any CPU
		{49C00BF0-B4B5-1AEC-6B6B-2AE27AB34095}.Release|Any CPU.ActiveCfg = Release|Any CPU
		{49C00BF0-B4B5-1AEC-6B6B-2AE27AB34095}.Release|Any CPU.Build.0 = Release|Any CPU
		{D58C5A71-ABD4-5A22-AE97-A3A0281C9148}.Debug|Any CPU.ActiveCfg = Debug|Any CPU
		{D58C5A71-ABD4-5A22-AE97-A3A0281C9148}.Debug|Any CPU.Build.0 = Debug|Any CPU
		{D58C5A71-ABD4-5A22-AE97-A3A0281C9148}.Release|Any CPU.ActiveCfg = Release|Any CPU
		{D58C5A71-ABD4-5A22-AE97-A3A0281C9148}.Release|Any CPU.Build.0 = Release|Any CPU
	EndGlobalSection
	GlobalSection(SolutionProperties) = preSolution
		HideSolutionNode = FALSE
	EndGlobalSection
EndGlobal
